
Microsoft Visual Studio Solution File, Format Version 12.00
Project("{2150E333-8FDC-42A3-9474-1A3956D46DE8}") = "common", "common", "{4A25B248-3DD8-4778-90C0-BC25095F593A}"
	ProjectSection(SolutionItems) = preProject
		Directory.Packages.props = Directory.Packages.props
		Directory.Build.props = Directory.Build.props
	EndProjectSection
EndProject
Project("{2150E333-8FDC-42A3-9474-1A3956D46DE8}") = "src", "src", "{416512A4-04A1-4259-8741-24ED9BA08801}"
EndProject
Project("{FAE04EC0-301F-11D3-BF4B-00C04F79EFBC}") = "1_TemplateMethod", "src\1_TemplateMethod\1_TemplateMethod.csproj", "{FE943315-9D72-4828-9B1F-E19BD59468D4}"
EndProject
Project("{FAE04EC0-301F-11D3-BF4B-00C04F79EFBC}") = "2_Strategy", "src\2_Strategy\2_Strategy.csproj", "{612534D8-5BCA-4D38-A1EA-5A340B644FBC}"
EndProject
Project("{FAE04EC0-301F-11D3-BF4B-00C04F79EFBC}") = "3_ResponsibilityChain", "src\3_ResponsibilityChain\3_ResponsibilityChain.csproj", "{3A5A4EBF-A948-431C-8DFB-48ACB5AEDADD}"
EndProject
Project("{FAE04EC0-301F-11D3-BF4B-00C04F79EFBC}") = "4_Observer", "src\4_Observer\4_Observer.csproj", "{470CF3DB-3149-4E8C-AC80-4B9134838540}"
EndProject
Project("{FAE04EC0-301F-11D3-BF4B-00C04F79EFBC}") = "6_Visitor", "src\6_Visitor\6_Visitor.csproj", "{79D6EF9E-33CE-4929-9468-DA6F61E74A7F}"
EndProject
Project("{FAE04EC0-301F-11D3-BF4B-00C04F79EFBC}") = "7_Snapshot", "src\7_Snapshot\7_Snapshot.csproj", "{64F70B36-2E30-425E-892F-68048AACF170}"
EndProject
Project("{FAE04EC0-301F-11D3-BF4B-00C04F79EFBC}") = "8_State", "src\8_State\8_State.csproj", "{FCA41074-6155-444B-863C-95388C565657}"
EndProject
Project("{FAE04EC0-301F-11D3-BF4B-00C04F79EFBC}") = "9_Iterator", "src\9_Iterator\9_Iterator.csproj", "{2EA2B204-D169-4DC7-8C42-04F1773E0EA3}"
EndProject
Project("{FAE04EC0-301F-11D3-BF4B-00C04F79EFBC}") = "5_Command", "src\5_Command\5_Command.csproj", "{3FFB1A87-13F6-4D60-859D-D72695D38C97}"
EndProject
Global
	GlobalSection(SolutionConfigurationPlatforms) = preSolution
		Debug|Any CPU = Debug|Any CPU
		Release|Any CPU = Release|Any CPU
	EndGlobalSection
	GlobalSection(NestedProjects) = preSolution
		{FE943315-9D72-4828-9B1F-E19BD59468D4} = {416512A4-04A1-4259-8741-24ED9BA08801}
		{612534D8-5BCA-4D38-A1EA-5A340B644FBC} = {416512A4-04A1-4259-8741-24ED9BA08801}
		{3A5A4EBF-A948-431C-8DFB-48ACB5AEDADD} = {416512A4-04A1-4259-8741-24ED9BA08801}
		{470CF3DB-3149-4E8C-AC80-4B9134838540} = {416512A4-04A1-4259-8741-24ED9BA08801}
		{79D6EF9E-33CE-4929-9468-DA6F61E74A7F} = {416512A4-04A1-4259-8741-24ED9BA08801}
		{64F70B36-2E30-425E-892F-68048AACF170} = {416512A4-04A1-4259-8741-24ED9BA08801}
		{FCA41074-6155-444B-863C-95388C565657} = {416512A4-04A1-4259-8741-24ED9BA08801}
		{2EA2B204-D169-4DC7-8C42-04F1773E0EA3} = {416512A4-04A1-4259-8741-24ED9BA08801}
		{3FFB1A87-13F6-4D60-859D-D72695D38C97} = {416512A4-04A1-4259-8741-24ED9BA08801}
	EndGlobalSection
	GlobalSection(ProjectConfigurationPlatforms) = postSolution
		{FE943315-9D72-4828-9B1F-E19BD59468D4}.Debug|Any CPU.ActiveCfg = Debug|Any CPU
		{FE943315-9D72-4828-9B1F-E19BD59468D4}.Debug|Any CPU.Build.0 = Debug|Any CPU
		{FE943315-9D72-4828-9B1F-E19BD59468D4}.Release|Any CPU.ActiveCfg = Release|Any CPU
		{FE943315-9D72-4828-9B1F-E19BD59468D4}.Release|Any CPU.Build.0 = Release|Any CPU
		{612534D8-5BCA-4D38-A1EA-5A340B644FBC}.Debug|Any CPU.ActiveCfg = Debug|Any CPU
		{612534D8-5BCA-4D38-A1EA-5A340B644FBC}.Debug|Any CPU.Build.0 = Debug|Any CPU
		{612534D8-5BCA-4D38-A1EA-5A340B644FBC}.Release|Any CPU.ActiveCfg = Release|Any CPU
		{612534D8-5BCA-4D38-A1EA-5A340B644FBC}.Release|Any CPU.Build.0 = Release|Any CPU
		{3A5A4EBF-A948-431C-8DFB-48ACB5AEDADD}.Debug|Any CPU.ActiveCfg = Debug|Any CPU
		{3A5A4EBF-A948-431C-8DFB-48ACB5AEDADD}.Debug|Any CPU.Build.0 = Debug|Any CPU
		{3A5A4EBF-A948-431C-8DFB-48ACB5AEDADD}.Release|Any CPU.ActiveCfg = Release|Any CPU
		{3A5A4EBF-A948-431C-8DFB-48ACB5AEDADD}.Release|Any CPU.Build.0 = Release|Any CPU
		{470CF3DB-3149-4E8C-AC80-4B9134838540}.Debug|Any CPU.ActiveCfg = Debug|Any CPU
		{470CF3DB-3149-4E8C-AC80-4B9134838540}.Debug|Any CPU.Build.0 = Debug|Any CPU
		{470CF3DB-3149-4E8C-AC80-4B9134838540}.Release|Any CPU.ActiveCfg = Release|Any CPU
		{470CF3DB-3149-4E8C-AC80-4B9134838540}.Release|Any CPU.Build.0 = Release|Any CPU
		{79D6EF9E-33CE-4929-9468-DA6F61E74A7F}.Debug|Any CPU.ActiveCfg = Debug|Any CPU
		{79D6EF9E-33CE-4929-9468-DA6F61E74A7F}.Debug|Any CPU.Build.0 = Debug|Any CPU
		{79D6EF9E-33CE-4929-9468-DA6F61E74A7F}.Release|Any CPU.ActiveCfg = Release|Any CPU
		{79D6EF9E-33CE-4929-9468-DA6F61E74A7F}.Release|Any CPU.Build.0 = Release|Any CPU
		{64F70B36-2E30-425E-892F-68048AACF170}.Debug|Any CPU.ActiveCfg = Debug|Any CPU
		{64F70B36-2E30-425E-892F-68048AACF170}.Debug|Any CPU.Build.0 = Debug|Any CPU
		{64F70B36-2E30-425E-892F-68048AACF170}.Release|Any CPU.ActiveCfg = Release|Any CPU
		{64F70B36-2E30-425E-892F-68048AACF170}.Release|Any CPU.Build.0 = Release|Any CPU
		{FCA41074-6155-444B-863C-95388C565657}.Debug|Any CPU.ActiveCfg = Debug|Any CPU
		{FCA41074-6155-444B-863C-95388C565657}.Debug|Any CPU.Build.0 = Debug|Any CPU
		{FCA41074-6155-444B-863C-95388C565657}.Release|Any CPU.ActiveCfg = Release|Any CPU
		{FCA41074-6155-444B-863C-95388C565657}.Release|Any CPU.Build.0 = Release|Any CPU
		{2EA2B204-D169-4DC7-8C42-04F1773E0EA3}.Debug|Any CPU.ActiveCfg = Debug|Any CPU
		{2EA2B204-D169-4DC7-8C42-04F1773E0EA3}.Debug|Any CPU.Build.0 = Debug|Any CPU
		{2EA2B204-D169-4DC7-8C42-04F1773E0EA3}.Release|Any CPU.ActiveCfg = Release|Any CPU
		{2EA2B204-D169-4DC7-8C42-04F1773E0EA3}.Release|Any CPU.Build.0 = Release|Any CPU
		{3FFB1A87-13F6-4D60-859D-D72695D38C97}.Debug|Any CPU.ActiveCfg = Debug|Any CPU
		{3FFB1A87-13F6-4D60-859D-D72695D38C97}.Debug|Any CPU.Build.0 = Debug|Any CPU
		{3FFB1A87-13F6-4D60-859D-D72695D38C97}.Release|Any CPU.ActiveCfg = Release|Any CPU
		{3FFB1A87-13F6-4D60-859D-D72695D38C97}.Release|Any CPU.Build.0 = Release|Any CPU
	EndGlobalSection
EndGlobal
